{
  "nodes": {
    "cachyos-kernel": {
      "flake": false,
      "locked": {
        "lastModified": 1767027640,
        "narHash": "sha256-3WiDgNSE+77mVEAhlYFW3sRvS5fRTcIQAw9g76uUXIg=",
        "owner": "CachyOS",
        "repo": "linux-cachyos",
        "rev": "f29baa3a13d3756dbd8836ed646622af803f79a3",
        "type": "github"
      },
      "original": {
        "owner": "CachyOS",
        "repo": "linux-cachyos",
        "type": "github"
      }
    },
    "cachyos-kernel-patches": {
      "flake": false,
      "locked": {
        "lastModified": 1767026526,
        "narHash": "sha256-l3FEhseehO2On1FPlDbtFUc94LEc1ZvmUxQpLID119g=",
        "owner": "CachyOS",
        "repo": "kernel-patches",
        "rev": "dd86f5f1e1c87b8bc3d8cabf2c655fe2b2c5e144",
        "type": "github"
      },
      "original": {
        "owner": "CachyOS",
        "repo": "kernel-patches",
        "type": "github"
      }
    },
    "flake-compat": {
      "flake": false,
      "locked": {
        "lastModified": 1766929376,
        "narHash": "sha256-Eyg78VjLzKNG2XkqLqylSvHGAwsP8gsvmUHtZxQwPq4=",
        "owner": "NixOS",
        "repo": "flake-compat",
        "rev": "236f248441a986331cda53b039e7f9fd96e03635",
        "type": "github"
      },
      "original": {
        "owner": "NixOS",
        "repo": "flake-compat",
        "type": "github"
      }
    },
    "flake-parts": {
      "inputs": {
        "nixpkgs-lib": "nixpkgs-lib"
      },
      "locked": {
        "lastModified": 1765835352,
        "narHash": "sha256-XswHlK/Qtjasvhd1nOa1e8MgZ8GS//jBoTqWtrS1Giw=",
        "owner": "hercules-ci",
        "repo": "flake-parts",
        "rev": "a34fae9c08a15ad73f295041fec82323541400a9",
        "type": "github"
      },
      "original": {
        "owner": "hercules-ci",
        "repo": "flake-parts",
        "type": "github"
      }
    },
    "nixpkgs": {
      "locked": {
        "lastModified": 1766985544,
        "narHash": "sha256-a1AdsFqh9aqRBxFGzhO5MLaKy/DPnVXgtHMEfddyG78=",
        "owner": "NixOS",
        "repo": "nixpkgs",
        "rev": "3636cabd15a9ce1a423fccf776fda52ede3668a6",
        "type": "github"
      },
      "original": {
        "owner": "NixOS",
        "ref": "nixos-unstable-small",
        "repo": "nixpkgs",
        "type": "github"
      }
    },
    "nixpkgs-lib": {
      "locked": {
        "lastModified": 1765674936,
        "narHash": "sha256-k00uTP4JNfmejrCLJOwdObYC9jHRrr/5M/a/8L2EIdo=",
        "owner": "nix-community",
        "repo": "nixpkgs.lib",
        "rev": "2075416fcb47225d9b68ac469a5c4801a9c4dd85",
        "type": "github"
      },
      "original": {
        "owner": "nix-community",
        "repo": "nixpkgs.lib",
        "type": "github"
      }
    },
    "root": {
      "inputs": {
        "cachyos-kernel": "cachyos-kernel",
        "cachyos-kernel-patches": "cachyos-kernel-patches",
        "flake-compat": "flake-compat",
        "flake-parts": "flake-parts",
        "nixpkgs": "nixpkgs"
      }
    }
  },
  "root": "root",
  "version": 7
}
